
Microsoft Visual Studio Solution File, Format Version 12.00
# Visual Studio Version 16
VisualStudioVersion = 16.0.30413.136
MinimumVisualStudioVersion = 10.0.40219.1
Project("{9A19103F-16F7-4668-BE54-9A1E7A4F7556}") = "Core.App", "Core\Core.App.csproj", "{11464C2C-E0B6-476E-ABB1-87445E736B76}"
EndProject
Project("{2150E333-8FDC-42A3-9474-1A3956D46DE8}") = "ThirdParty", "ThirdParty", "{5D11E730-0CAA-4A47-BA1A-379004F0F6D9}"
EndProject
Project("{2150E333-8FDC-42A3-9474-1A3956D46DE8}") = "MongodbDriver", "MongodbDriver", "{6946DBCF-B81C-4B2A-A7C5-94A337D915C2}"
EndProject
Project("{9A19103F-16F7-4668-BE54-9A1E7A4F7556}") = "Google.Protobuf", "ThirdParty\Google.Protobuf\Google.Protobuf.csproj", "{02B4D7EC-AC40-4675-963E-53CAB9A86BDE}"
EndProject
Project("{9A19103F-16F7-4668-BE54-9A1E7A4F7556}") = "KcpLib", "ThirdParty\KcpLib\KcpLib.csproj", "{2B432E70-FA05-4D99-8241-237B0E4F5D84}"
EndProject
Project("{9A19103F-16F7-4668-BE54-9A1E7A4F7556}") = "Core.Base", "Base\Core.Base.csproj", "{CA2E2CA6-DBE2-456D-97AF-050A2F7A3C8F}"
EndProject
Project("{2150E333-8FDC-42A3-9474-1A3956D46DE8}") = "Tools", "Tools", "{41224E61-18A1-4C18-A7E2-8B3B89B4DDBC}"
EndProject
Project("{9A19103F-16F7-4668-BE54-9A1E7A4F7556}") = "Proto2CS", "Tools\Proto2CS\Proto2CS.csproj", "{52B6F2F6-1085-4462-A6D7-B94387BDA603}"
EndProject
Project("{9A19103F-16F7-4668-BE54-9A1E7A4F7556}") = "MongoDB.Bson", "ThirdParty\MongodbDriver\DotNetCoreDriver\MongoDB.Bson\MongoDB.Bson.csproj", "{277C79CD-29C6-41B0-897A-CEC489627124}"
EndProject
Global
	GlobalSection(SolutionConfigurationPlatforms) = preSolution
		Debug|Any CPU = Debug|Any CPU
		Debug|x64 = Debug|x64
		Debug|x86 = Debug|x86
		Release|Any CPU = Release|Any CPU
		Release|x64 = Release|x64
		Release|x86 = Release|x86
	EndGlobalSection
	GlobalSection(ProjectConfigurationPlatforms) = postSolution
		{11464C2C-E0B6-476E-ABB1-87445E736B76}.Debug|Any CPU.ActiveCfg = Debug|Any CPU
		{11464C2C-E0B6-476E-ABB1-87445E736B76}.Debug|Any CPU.Build.0 = Debug|Any CPU
		{11464C2C-E0B6-476E-ABB1-87445E736B76}.Debug|x64.ActiveCfg = Debug|Any CPU
		{11464C2C-E0B6-476E-ABB1-87445E736B76}.Debug|x64.Build.0 = Debug|Any CPU
		{11464C2C-E0B6-476E-ABB1-87445E736B76}.Debug|x86.ActiveCfg = Debug|Any CPU
		{11464C2C-E0B6-476E-ABB1-87445E736B76}.Debug|x86.Build.0 = Debug|Any CPU
		{11464C2C-E0B6-476E-ABB1-87445E736B76}.Release|Any CPU.ActiveCfg = Release|Any CPU
		{11464C2C-E0B6-476E-ABB1-87445E736B76}.Release|Any CPU.Build.0 = Release|Any CPU
		{11464C2C-E0B6-476E-ABB1-87445E736B76}.Release|x64.ActiveCfg = Release|Any CPU
		{11464C2C-E0B6-476E-ABB1-87445E736B76}.Release|x64.Build.0 = Release|Any CPU
		{11464C2C-E0B6-476E-ABB1-87445E736B76}.Release|x86.ActiveCfg = Release|Any CPU
		{11464C2C-E0B6-476E-ABB1-87445E736B76}.Release|x86.Build.0 = Release|Any CPU
		{02B4D7EC-AC40-4675-963E-53CAB9A86BDE}.Debug|Any CPU.ActiveCfg = Debug|Any CPU
		{02B4D7EC-AC40-4675-963E-53CAB9A86BDE}.Debug|Any CPU.Build.0 = Debug|Any CPU
		{02B4D7EC-AC40-4675-963E-53CAB9A86BDE}.Debug|x64.ActiveCfg = Debug|Any CPU
		{02B4D7EC-AC40-4675-963E-53CAB9A86BDE}.Debug|x64.Build.0 = Debug|Any CPU
		{02B4D7EC-AC40-4675-963E-53CAB9A86BDE}.Debug|x86.ActiveCfg = Debug|Any CPU
		{02B4D7EC-AC40-4675-963E-53CAB9A86BDE}.Debug|x86.Build.0 = Debug|Any CPU
		{02B4D7EC-AC40-4675-963E-53CAB9A86BDE}.Release|Any CPU.ActiveCfg = Release|Any CPU
		{02B4D7EC-AC40-4675-963E-53CAB9A86BDE}.Release|Any CPU.Build.0 = Release|Any CPU
		{02B4D7EC-AC40-4675-963E-53CAB9A86BDE}.Release|x64.ActiveCfg = Release|Any CPU
		{02B4D7EC-AC40-4675-963E-53CAB9A86BDE}.Release|x64.Build.0 = Release|Any CPU
		{02B4D7EC-AC40-4675-963E-53CAB9A86BDE}.Release|x86.ActiveCfg = Release|Any CPU
		{02B4D7EC-AC40-4675-963E-53CAB9A86BDE}.Release|x86.Build.0 = Release|Any CPU
		{2B432E70-FA05-4D99-8241-237B0E4F5D84}.Debug|Any CPU.ActiveCfg = Debug|Any CPU
		{2B432E70-FA05-4D99-8241-237B0E4F5D84}.Debug|Any CPU.Build.0 = Debug|Any CPU
		{2B432E70-FA05-4D99-8241-237B0E4F5D84}.Debug|x64.ActiveCfg = Debug|Any CPU
		{2B432E70-FA05-4D99-8241-237B0E4F5D84}.Debug|x64.Build.0 = Debug|Any CPU
		{2B432E70-FA05-4D99-8241-237B0E4F5D84}.Debug|x86.ActiveCfg = Debug|Any CPU
		{2B432E70-FA05-4D99-8241-237B0E4F5D84}.Debug|x86.Build.0 = Debug|Any CPU
		{2B432E70-FA05-4D99-8241-237B0E4F5D84}.Release|Any CPU.ActiveCfg = Release|Any CPU
		{2B432E70-FA05-4D99-8241-237B0E4F5D84}.Release|Any CPU.Build.0 = Release|Any CPU
		{2B432E70-FA05-4D99-8241-237B0E4F5D84}.Release|x64.ActiveCfg = Release|Any CPU
		{2B432E70-FA05-4D99-8241-237B0E4F5D84}.Release|x64.Build.0 = Release|Any CPU
		{2B432E70-FA05-4D99-8241-237B0E4F5D84}.Release|x86.ActiveCfg = Release|Any CPU
		{2B432E70-FA05-4D99-8241-237B0E4F5D84}.Release|x86.Build.0 = Release|Any CPU
		{CA2E2CA6-DBE2-456D-97AF-050A2F7A3C8F}.Debug|Any CPU.ActiveCfg = Debug|Any CPU
		{CA2E2CA6-DBE2-456D-97AF-050A2F7A3C8F}.Debug|Any CPU.Build.0 = Debug|Any CPU
		{CA2E2CA6-DBE2-456D-97AF-050A2F7A3C8F}.Debug|x64.ActiveCfg = Debug|Any CPU
		{CA2E2CA6-DBE2-456D-97AF-050A2F7A3C8F}.Debug|x64.Build.0 = Debug|Any CPU
		{CA2E2CA6-DBE2-456D-97AF-050A2F7A3C8F}.Debug|x86.ActiveCfg = Debug|Any CPU
		{CA2E2CA6-DBE2-456D-97AF-050A2F7A3C8F}.Debug|x86.Build.0 = Debug|Any CPU
		{CA2E2CA6-DBE2-456D-97AF-050A2F7A3C8F}.Release|Any CPU.ActiveCfg = Release|Any CPU
		{CA2E2CA6-DBE2-456D-97AF-050A2F7A3C8F}.Release|Any CPU.Build.0 = Release|Any CPU
		{CA2E2CA6-DBE2-456D-97AF-050A2F7A3C8F}.Release|x64.ActiveCfg = Release|Any CPU
		{CA2E2CA6-DBE2-456D-97AF-050A2F7A3C8F}.Release|x64.Build.0 = Release|Any CPU
		{CA2E2CA6-DBE2-456D-97AF-050A2F7A3C8F}.Release|x86.ActiveCfg = Release|Any CPU
		{CA2E2CA6-DBE2-456D-97AF-050A2F7A3C8F}.Release|x86.Build.0 = Release|Any CPU
		{52B6F2F6-1085-4462-A6D7-B94387BDA603}.Debug|Any CPU.ActiveCfg = Debug|Any CPU
		{52B6F2F6-1085-4462-A6D7-B94387BDA603}.Debug|Any CPU.Build.0 = Debug|Any CPU
		{52B6F2F6-1085-4462-A6D7-B94387BDA603}.Debug|x64.ActiveCfg = Debug|Any CPU
		{52B6F2F6-1085-4462-A6D7-B94387BDA603}.Debug|x64.Build.0 = Debug|Any CPU
		{52B6F2F6-1085-4462-A6D7-B94387BDA603}.Debug|x86.ActiveCfg = Debug|Any CPU
		{52B6F2F6-1085-4462-A6D7-B94387BDA603}.Debug|x86.Build.0 = Debug|Any CPU
		{52B6F2F6-1085-4462-A6D7-B94387BDA603}.Release|Any CPU.ActiveCfg = Release|Any CPU
		{52B6F2F6-1085-4462-A6D7-B94387BDA603}.Release|Any CPU.Build.0 = Release|Any CPU
		{52B6F2F6-1085-4462-A6D7-B94387BDA603}.Release|x64.ActiveCfg = Release|Any CPU
		{52B6F2F6-1085-4462-A6D7-B94387BDA603}.Release|x64.Build.0 = Release|Any CPU
		{52B6F2F6-1085-4462-A6D7-B94387BDA603}.Release|x86.ActiveCfg = Release|Any CPU
		{52B6F2F6-1085-4462-A6D7-B94387BDA603}.Release|x86.Build.0 = Release|Any CPU
		{277C79CD-29C6-41B0-897A-CEC489627124}.Debug|Any CPU.ActiveCfg = Debug|Any CPU
		{277C79CD-29C6-41B0-897A-CEC489627124}.Debug|Any CPU.Build.0 = Debug|Any CPU
		{277C79CD-29C6-41B0-897A-CEC489627124}.Debug|x64.ActiveCfg = Debug|Any CPU
		{277C79CD-29C6-41B0-897A-CEC489627124}.Debug|x64.Build.0 = Debug|Any CPU
		{277C79CD-29C6-41B0-897A-CEC489627124}.Debug|x86.ActiveCfg = Debug|Any CPU
		{277C79CD-29C6-41B0-897A-CEC489627124}.Debug|x86.Build.0 = Debug|Any CPU
		{277C79CD-29C6-41B0-897A-CEC489627124}.Release|Any CPU.ActiveCfg = Release|Any CPU
		{277C79CD-29C6-41B0-897A-CEC489627124}.Release|Any CPU.Build.0 = Release|Any CPU
		{277C79CD-29C6-41B0-897A-CEC489627124}.Release|x64.ActiveCfg = Release|Any CPU
		{277C79CD-29C6-41B0-897A-CEC489627124}.Release|x64.Build.0 = Release|Any CPU
		{277C79CD-29C6-41B0-897A-CEC489627124}.Release|x86.ActiveCfg = Release|Any CPU
		{277C79CD-29C6-41B0-897A-CEC489627124}.Release|x86.Build.0 = Release|Any CPU
	EndGlobalSection
	GlobalSection(SolutionProperties) = preSolution
		HideSolutionNode = FALSE
	EndGlobalSection
	GlobalSection(NestedProjects) = preSolution
		{6946DBCF-B81C-4B2A-A7C5-94A337D915C2} = {5D11E730-0CAA-4A47-BA1A-379004F0F6D9}
		{02B4D7EC-AC40-4675-963E-53CAB9A86BDE} = {5D11E730-0CAA-4A47-BA1A-379004F0F6D9}
		{2B432E70-FA05-4D99-8241-237B0E4F5D84} = {5D11E730-0CAA-4A47-BA1A-379004F0F6D9}
		{52B6F2F6-1085-4462-A6D7-B94387BDA603} = {41224E61-18A1-4C18-A7E2-8B3B89B4DDBC}
		{277C79CD-29C6-41B0-897A-CEC489627124} = {6946DBCF-B81C-4B2A-A7C5-94A337D915C2}
	EndGlobalSection
	GlobalSection(ExtensibilityGlobals) = postSolution
		SolutionGuid = {EE120158-643A-409C-B8F2-5E654E4D6D70}
	EndGlobalSection
EndGlobal
